
Microsoft Visual Studio Solution File, Format Version 12.00
# Visual Studio Version 17
VisualStudioVersion = 17.6.33723.286
MinimumVisualStudioVersion = 10.0.40219.1
Project("{FAE04EC0-301F-11D3-BF4B-00C04F79EFBC}") = "CA20230925", "CA20230925\CA20230925.csproj", "{982C79F6-8AE7-4BF8-8A5B-48974E209100}"
EndProject
Global
	GlobalSection(SolutionConfigurationPlatforms) = preSolution
		Debug|Any CPU = Debug|Any CPU
		Release|Any CPU = Release|Any CPU
	EndGlobalSection
	GlobalSection(ProjectConfigurationPlatforms) = postSolution
		{982C79F6-8AE7-4BF8-8A5B-48974E209100}.Debug|Any CPU.ActiveCfg = Debug|Any CPU
		{982C79F6-8AE7-4BF8-8A5B-48974E209100}.Debug|Any CPU.Build.0 = Debug|Any CPU
		{982C79F6-8AE7-4BF8-8A5B-48974E209100}.Release|Any CPU.ActiveCfg = Release|Any CPU
		{982C79F6-8AE7-4BF8-8A5B-48974E209100}.Release|Any CPU.Build.0 = Release|Any CPU
	EndGlobalSection
	GlobalSection(SolutionProperties) = preSolution
		HideSolutionNode = FALSE
	EndGlobalSection
	GlobalSection(ExtensibilityGlobals) = postSolution
		SolutionGuid = {F4DC7B29-8A4A-428A-ABD7-B7DC806A84D7}
	EndGlobalSection
EndGlobal
